
Microsoft Visual Studio Solution File, Format Version 12.00
# Visual Studio Version 16
VisualStudioVersion = 16.0.31702.278
MinimumVisualStudioVersion = 10.0.40219.1
Project("{FAE04EC0-301F-11D3-BF4B-00C04F79EFBC}") = "ProgressionDeMultiThreads", "ProgressionDeMultiThreads\ProgressionDeMultiThreads.csproj", "{BA6BDAED-F777-428D-93D9-BAE1D317372D}"
EndProject
Global
	GlobalSection(SolutionConfigurationPlatforms) = preSolution
		Debug|Any CPU = Debug|Any CPU
		Release|Any CPU = Release|Any CPU
	EndGlobalSection
	GlobalSection(ProjectConfigurationPlatforms) = postSolution
		{BA6BDAED-F777-428D-93D9-BAE1D317372D}.Debug|Any CPU.ActiveCfg = Debug|Any CPU
		{BA6BDAED-F777-428D-93D9-BAE1D317372D}.Debug|Any CPU.Build.0 = Debug|Any CPU
		{BA6BDAED-F777-428D-93D9-BAE1D317372D}.Release|Any CPU.ActiveCfg = Release|Any CPU
		{BA6BDAED-F777-428D-93D9-BAE1D317372D}.Release|Any CPU.Build.0 = Release|Any CPU
	EndGlobalSection
	GlobalSection(SolutionProperties) = preSolution
		HideSolutionNode = FALSE
	EndGlobalSection
	GlobalSection(ExtensibilityGlobals) = postSolution
		SolutionGuid = {15718C89-CEA1-4B8B-BA60-1815C6B7AABB}
	EndGlobalSection
EndGlobal
