
Microsoft Visual Studio Solution File, Format Version 12.00
# Visual Studio Version 16
VisualStudioVersion = 16.0.30413.136
MinimumVisualStudioVersion = 10.0.40219.1
Project("{FAE04EC0-301F-11D3-BF4B-00C04F79EFBC}") = "TP2", "TP2\TP2.csproj", "{C51C8205-4D6B-4E93-966A-EB91049F46BE}"
EndProject
Global
	GlobalSection(SolutionConfigurationPlatforms) = preSolution
		Debug|Any CPU = Debug|Any CPU
		Release|Any CPU = Release|Any CPU
	EndGlobalSection
	GlobalSection(ProjectConfigurationPlatforms) = postSolution
		{C51C8205-4D6B-4E93-966A-EB91049F46BE}.Debug|Any CPU.ActiveCfg = Debug|Any CPU
		{C51C8205-4D6B-4E93-966A-EB91049F46BE}.Debug|Any CPU.Build.0 = Debug|Any CPU
		{C51C8205-4D6B-4E93-966A-EB91049F46BE}.Release|Any CPU.ActiveCfg = Release|Any CPU
		{C51C8205-4D6B-4E93-966A-EB91049F46BE}.Release|Any CPU.Build.0 = Release|Any CPU
	EndGlobalSection
	GlobalSection(SolutionProperties) = preSolution
		HideSolutionNode = FALSE
	EndGlobalSection
	GlobalSection(ExtensibilityGlobals) = postSolution
		SolutionGuid = {B157F08C-E645-4324-A3DF-1AF2B937938B}
	EndGlobalSection
EndGlobal
